
Microsoft Visual Studio Solution File, Format Version 12.00
# Visual Studio Version 17
VisualStudioVersion = 17.7.34031.279
MinimumVisualStudioVersion = 10.0.40219.1
Project("{FAE04EC0-301F-11D3-BF4B-00C04F79EFBC}") = "PassaParola_Oyunu", "PassaParola_Oyunu\PassaParola_Oyunu.csproj", "{6CF48A8D-F2C0-4AE7-A77C-5E370AE8F25F}"
EndProject
Global
	GlobalSection(SolutionConfigurationPlatforms) = preSolution
		Debug|Any CPU = Debug|Any CPU
		Release|Any CPU = Release|Any CPU
	EndGlobalSection
	GlobalSection(ProjectConfigurationPlatforms) = postSolution
		{6CF48A8D-F2C0-4AE7-A77C-5E370AE8F25F}.Debug|Any CPU.ActiveCfg = Debug|Any CPU
		{6CF48A8D-F2C0-4AE7-A77C-5E370AE8F25F}.Debug|Any CPU.Build.0 = Debug|Any CPU
		{6CF48A8D-F2C0-4AE7-A77C-5E370AE8F25F}.Release|Any CPU.ActiveCfg = Release|Any CPU
		{6CF48A8D-F2C0-4AE7-A77C-5E370AE8F25F}.Release|Any CPU.Build.0 = Release|Any CPU
	EndGlobalSection
	GlobalSection(SolutionProperties) = preSolution
		HideSolutionNode = FALSE
	EndGlobalSection
	GlobalSection(ExtensibilityGlobals) = postSolution
		SolutionGuid = {793B752A-ADEB-4196-ACCA-BAE0D88DECB0}
	EndGlobalSection
EndGlobal
